// !$*UTF8*$!
{
	archiveVersion = 1;
	classes = {
	};
	objectVersion = 56;
	objects = {

/* Begin PBXBuildFile section */
		63FF8D0829145DA500F43830 /* AppDelegate.swift in Sources */ = {isa = PBXBuildFile; fileRef = 63FF8D0729145DA500F43830 /* AppDelegate.swift */; };
		63FF8D0A29145DA500F43830 /* SceneDelegate.swift in Sources */ = {isa = PBXBuildFile; fileRef = 63FF8D0929145DA500F43830 /* SceneDelegate.swift */; };
		63FF8D0F29145DA500F43830 /* Main.storyboard in Resources */ = {isa = PBXBuildFile; fileRef = 63FF8D0D29145DA500F43830 /* Main.storyboard */; };
		63FF8D1229145DA500F43830 /* Test_Project.xcdatamodeld in Sources */ = {isa = PBXBuildFile; fileRef = 63FF8D1029145DA500F43830 /* Test_Project.xcdatamodeld */; };
		63FF8D1429145DA600F43830 /* Assets.xcassets in Resources */ = {isa = PBXBuildFile; fileRef = 63FF8D1329145DA600F43830 /* Assets.xcassets */; };
		63FF8D1729145DA600F43830 /* LaunchScreen.storyboard in Resources */ = {isa = PBXBuildFile; fileRef = 63FF8D1529145DA600F43830 /* LaunchScreen.storyboard */; };
		63FF8D2229145DA600F43830 /* Test_ProjectTests.swift in Sources */ = {isa = PBXBuildFile; fileRef = 63FF8D2129145DA600F43830 /* Test_ProjectTests.swift */; };
		63FF8D2C29145DA600F43830 /* Test_ProjectUITests.swift in Sources */ = {isa = PBXBuildFile; fileRef = 63FF8D2B29145DA600F43830 /* Test_ProjectUITests.swift */; };
		63FF8D2E29145DA600F43830 /* Test_ProjectUITestsLaunchTests.swift in Sources */ = {isa = PBXBuildFile; fileRef = 63FF8D2D29145DA600F43830 /* Test_ProjectUITestsLaunchTests.swift */; };
		63FF8D3C29145E1500F43830 /* Quote.swift in Sources */ = {isa = PBXBuildFile; fileRef = 63FF8D3B29145E1500F43830 /* Quote.swift */; };
		63FF8D3F29145F4700F43830 /* AllQuotes.json in Resources */ = {isa = PBXBuildFile; fileRef = 63FF8D3E29145F4700F43830 /* AllQuotes.json */; };
		63FF8D432914606C00F43830 /* QuoteSlideView.swift in Sources */ = {isa = PBXBuildFile; fileRef = 63FF8D422914606C00F43830 /* QuoteSlideView.swift */; };
		63FF8D45291460C100F43830 /* QuoteSlideView.xib in Resources */ = {isa = PBXBuildFile; fileRef = 63FF8D44291460C100F43830 /* QuoteSlideView.xib */; };
		63FF8D492914614F00F43830 /* QuotesViewController.swift in Sources */ = {isa = PBXBuildFile; fileRef = 63FF8D482914614F00F43830 /* QuotesViewController.swift */; };
		63FF8D4D2914618B00F43830 /* QuotesViewModel.swift in Sources */ = {isa = PBXBuildFile; fileRef = 63FF8D4C2914618B00F43830 /* QuotesViewModel.swift */; };
/* End PBXBuildFile section */

/* Begin PBXContainerItemProxy section */
		63FF8D1E29145DA600F43830 /* PBXContainerItemProxy */ = {
			isa = PBXContainerItemProxy;
			containerPortal = 63FF8CFC29145DA500F43830 /* Project object */;
			proxyType = 1;
			remoteGlobalIDString = 63FF8D0329145DA500F43830;
			remoteInfo = "Test Project";
		};
		63FF8D2829145DA600F43830 /* PBXContainerItemProxy */ = {
			isa = PBXContainerItemProxy;
			containerPortal = 63FF8CFC29145DA500F43830 /* Project object */;
			proxyType = 1;
			remoteGlobalIDString = 63FF8D0329145DA500F43830;
			remoteInfo = "Test Project";
		};
/* End PBXContainerItemProxy section */

/* Begin PBXFileReference section */
		63FF8D0429145DA500F43830 /* Test Project.app */ = {isa = PBXFileReference; explicitFileType = wrapper.application; includeInIndex = 0; path = "Test Project.app"; sourceTree = BUILT_PRODUCTS_DIR; };
		63FF8D0729145DA500F43830 /* AppDelegate.swift */ = {isa = PBXFileReference; lastKnownFileType = sourcecode.swift; path = AppDelegate.swift; sourceTree = "<group>"; };
		63FF8D0929145DA500F43830 /* SceneDelegate.swift */ = {isa = PBXFileReference; lastKnownFileType = sourcecode.swift; path = SceneDelegate.swift; sourceTree = "<group>"; };
		63FF8D0E29145DA500F43830 /* Base */ = {isa = PBXFileReference; lastKnownFileType = file.storyboard; name = Base; path = Base.lproj/Main.storyboard; sourceTree = "<group>"; };
		63FF8D1129145DA500F43830 /* Test_Project.xcdatamodel */ = {isa = PBXFileReference; lastKnownFileType = wrapper.xcdatamodel; path = Test_Project.xcdatamodel; sourceTree = "<group>"; };
		63FF8D1329145DA600F43830 /* Assets.xcassets */ = {isa = PBXFileReference; lastKnownFileType = folder.assetcatalog; path = Assets.xcassets; sourceTree = "<group>"; };
		63FF8D1629145DA600F43830 /* Base */ = {isa = PBXFileReference; lastKnownFileType = file.storyboard; name = Base; path = Base.lproj/LaunchScreen.storyboard; sourceTree = "<group>"; };
		63FF8D1829145DA600F43830 /* Info.plist */ = {isa = PBXFileReference; lastKnownFileType = text.plist.xml; path = Info.plist; sourceTree = "<group>"; };
		63FF8D1D29145DA600F43830 /* Test ProjectTests.xctest */ = {isa = PBXFileReference; explicitFileType = wrapper.cfbundle; includeInIndex = 0; path = "Test ProjectTests.xctest"; sourceTree = BUILT_PRODUCTS_DIR; };
		63FF8D2129145DA600F43830 /* Test_ProjectTests.swift */ = {isa = PBXFileReference; lastKnownFileType = sourcecode.swift; path = Test_ProjectTests.swift; sourceTree = "<group>"; };
		63FF8D2729145DA600F43830 /* Test ProjectUITests.xctest */ = {isa = PBXFileReference; explicitFileType = wrapper.cfbundle; includeInIndex = 0; path = "Test ProjectUITests.xctest"; sourceTree = BUILT_PRODUCTS_DIR; };
		63FF8D2B29145DA600F43830 /* Test_ProjectUITests.swift */ = {isa = PBXFileReference; lastKnownFileType = sourcecode.swift; path = Test_ProjectUITests.swift; sourceTree = "<group>"; };
		63FF8D2D29145DA600F43830 /* Test_ProjectUITestsLaunchTests.swift */ = {isa = PBXFileReference; lastKnownFileType = sourcecode.swift; path = Test_ProjectUITestsLaunchTests.swift; sourceTree = "<group>"; };
		63FF8D3B29145E1500F43830 /* Quote.swift */ = {isa = PBXFileReference; lastKnownFileType = sourcecode.swift; path = Quote.swift; sourceTree = "<group>"; };
		63FF8D3E29145F4700F43830 /* AllQuotes.json */ = {isa = PBXFileReference; lastKnownFileType = text.json; path = AllQuotes.json; sourceTree = "<group>"; };
		63FF8D422914606C00F43830 /* QuoteSlideView.swift */ = {isa = PBXFileReference; lastKnownFileType = sourcecode.swift; path = QuoteSlideView.swift; sourceTree = "<group>"; };
		63FF8D44291460C100F43830 /* QuoteSlideView.xib */ = {isa = PBXFileReference; fileEncoding = 4; lastKnownFileType = file.xib; path = QuoteSlideView.xib; sourceTree = "<group>"; };
		63FF8D482914614F00F43830 /* QuotesViewController.swift */ = {isa = PBXFileReference; lastKnownFileType = sourcecode.swift; path = QuotesViewController.swift; sourceTree = "<group>"; };
		63FF8D4C2914618B00F43830 /* QuotesViewModel.swift */ = {isa = PBXFileReference; lastKnownFileType = sourcecode.swift; path = QuotesViewModel.swift; sourceTree = "<group>"; };
/* End PBXFileReference section */

/* Begin PBXFrameworksBuildPhase section */
		63FF8D0129145DA500F43830 /* Frameworks */ = {
			isa = PBXFrameworksBuildPhase;
			buildActionMask = 2147483647;
			files = (
			);
			runOnlyForDeploymentPostprocessing = 0;
		};
		63FF8D1A29145DA600F43830 /* Frameworks */ = {
			isa = PBXFrameworksBuildPhase;
			buildActionMask = 2147483647;
			files = (
			);
			runOnlyForDeploymentPostprocessing = 0;
		};
		63FF8D2429145DA600F43830 /* Frameworks */ = {
			isa = PBXFrameworksBuildPhase;
			buildActionMask = 2147483647;
			files = (
			);
			runOnlyForDeploymentPostprocessing = 0;
		};
/* End PBXFrameworksBuildPhase section */

/* Begin PBXGroup section */
		63FF8CFB29145DA500F43830 = {
			isa = PBXGroup;
			children = (
				63FF8D0629145DA500F43830 /* Test Project */,
				63FF8D2029145DA600F43830 /* Test ProjectTests */,
				63FF8D2A29145DA600F43830 /* Test ProjectUITests */,
				63FF8D0529145DA500F43830 /* Products */,
			);
			sourceTree = "<group>";
		};
		63FF8D0529145DA500F43830 /* Products */ = {
			isa = PBXGroup;
			children = (
				63FF8D0429145DA500F43830 /* Test Project.app */,
				63FF8D1D29145DA600F43830 /* Test ProjectTests.xctest */,
				63FF8D2729145DA600F43830 /* Test ProjectUITests.xctest */,
			);
			name = Products;
			sourceTree = "<group>";
		};
		63FF8D0629145DA500F43830 /* Test Project */ = {
			isa = PBXGroup;
			children = (
				63FF8D4A2914616B00F43830 /* ViewModels */,
				63FF8D462914610800F43830 /* ViewControllers */,
				63FF8D402914603900F43830 /* Views */,
				63FF8D3D29145EF700F43830 /* Persistence */,
				63FF8D3A29145E0300F43830 /* Models */,
				63FF8D0729145DA500F43830 /* AppDelegate.swift */,
				63FF8D0929145DA500F43830 /* SceneDelegate.swift */,
				63FF8D0D29145DA500F43830 /* Main.storyboard */,
				63FF8D1329145DA600F43830 /* Assets.xcassets */,
				63FF8D1529145DA600F43830 /* LaunchScreen.storyboard */,
				63FF8D1829145DA600F43830 /* Info.plist */,
			);
			path = "Test Project";
			sourceTree = "<group>";
		};
		63FF8D2029145DA600F43830 /* Test ProjectTests */ = {
			isa = PBXGroup;
			children = (
				63FF8D2129145DA600F43830 /* Test_ProjectTests.swift */,
			);
			path = "Test ProjectTests";
			sourceTree = "<group>";
		};
		63FF8D2A29145DA600F43830 /* Test ProjectUITests */ = {
			isa = PBXGroup;
			children = (
				63FF8D2B29145DA600F43830 /* Test_ProjectUITests.swift */,
				63FF8D2D29145DA600F43830 /* Test_ProjectUITestsLaunchTests.swift */,
			);
			path = "Test ProjectUITests";
			sourceTree = "<group>";
		};
		63FF8D3A29145E0300F43830 /* Models */ = {
			isa = PBXGroup;
			children = (
				63FF8D3B29145E1500F43830 /* Quote.swift */,
			);
			path = Models;
			sourceTree = "<group>";
		};
		63FF8D3D29145EF700F43830 /* Persistence */ = {
			isa = PBXGroup;
			children = (
				63FF8D1029145DA500F43830 /* Test_Project.xcdatamodeld */,
				63FF8D3E29145F4700F43830 /* AllQuotes.json */,
			);
			path = Persistence;
			sourceTree = "<group>";
		};
		63FF8D402914603900F43830 /* Views */ = {
			isa = PBXGroup;
			children = (
				63FF8D412914605000F43830 /* QuoteSlideView */,
			);
			path = Views;
			sourceTree = "<group>";
		};
		63FF8D412914605000F43830 /* QuoteSlideView */ = {
			isa = PBXGroup;
			children = (
				63FF8D422914606C00F43830 /* QuoteSlideView.swift */,
				63FF8D44291460C100F43830 /* QuoteSlideView.xib */,
			);
			path = QuoteSlideView;
			sourceTree = "<group>";
		};
		63FF8D462914610800F43830 /* ViewControllers */ = {
			isa = PBXGroup;
			children = (
				63FF8D472914611E00F43830 /* QuotesViewController */,
			);
			path = ViewControllers;
			sourceTree = "<group>";
		};
		63FF8D472914611E00F43830 /* QuotesViewController */ = {
			isa = PBXGroup;
			children = (
				63FF8D482914614F00F43830 /* QuotesViewController.swift */,
			);
			path = QuotesViewController;
			sourceTree = "<group>";
		};
		63FF8D4A2914616B00F43830 /* ViewModels */ = {
			isa = PBXGroup;
			children = (
				63FF8D4B2914617600F43830 /* QuotesViewModel */,
			);
			path = ViewModels;
			sourceTree = "<group>";
		};
		63FF8D4B2914617600F43830 /* QuotesViewModel */ = {
			isa = PBXGroup;
			children = (
				63FF8D4C2914618B00F43830 /* QuotesViewModel.swift */,
			);
			path = QuotesViewModel;
			sourceTree = "<group>";
		};
/* End PBXGroup section */

/* Begin PBXNativeTarget section */
		63FF8D0329145DA500F43830 /* Test Project */ = {
			isa = PBXNativeTarget;
			buildConfigurationList = 63FF8D3129145DA600F43830 /* Build configuration list for PBXNativeTarget "Test Project" */;
			buildPhases = (
				63FF8D0029145DA500F43830 /* Sources */,
				63FF8D0129145DA500F43830 /* Frameworks */,
				63FF8D0229145DA500F43830 /* Resources */,
			);
			buildRules = (
			);
			dependencies = (
			);
			name = "Test Project";
			productName = "Test Project";
			productReference = 63FF8D0429145DA500F43830 /* Test Project.app */;
			productType = "com.apple.product-type.application";
		};
		63FF8D1C29145DA600F43830 /* Test ProjectTests */ = {
			isa = PBXNativeTarget;
			buildConfigurationList = 63FF8D3429145DA600F43830 /* Build configuration list for PBXNativeTarget "Test ProjectTests" */;
			buildPhases = (
				63FF8D1929145DA600F43830 /* Sources */,
				63FF8D1A29145DA600F43830 /* Frameworks */,
				63FF8D1B29145DA600F43830 /* Resources */,
			);
			buildRules = (
			);
			dependencies = (
				63FF8D1F29145DA600F43830 /* PBXTargetDependency */,
			);
			name = "Test ProjectTests";
			productName = "Test ProjectTests";
			productReference = 63FF8D1D29145DA600F43830 /* Test ProjectTests.xctest */;
			productType = "com.apple.product-type.bundle.unit-test";
		};
		63FF8D2629145DA600F43830 /* Test ProjectUITests */ = {
			isa = PBXNativeTarget;
			buildConfigurationList = 63FF8D3729145DA600F43830 /* Build configuration list for PBXNativeTarget "Test ProjectUITests" */;
			buildPhases = (
				63FF8D2329145DA600F43830 /* Sources */,
				63FF8D2429145DA600F43830 /* Frameworks */,
				63FF8D2529145DA600F43830 /* Resources */,
			);
			buildRules = (
			);
			dependencies = (
				63FF8D2929145DA600F43830 /* PBXTargetDependency */,
			);
			name = "Test ProjectUITests";
			productName = "Test ProjectUITests";
			productReference = 63FF8D2729145DA600F43830 /* Test ProjectUITests.xctest */;
			productType = "com.apple.product-type.bundle.ui-testing";
		};
/* End PBXNativeTarget section */

/* Begin PBXProject section */
		63FF8CFC29145DA500F43830 /* Project object */ = {
			isa = PBXProject;
			attributes = {
				BuildIndependentTargetsInParallel = 1;
				LastSwiftUpdateCheck = 1410;
				LastUpgradeCheck = 1410;
				TargetAttributes = {
					63FF8D0329145DA500F43830 = {
						CreatedOnToolsVersion = 14.1;
					};
					63FF8D1C29145DA600F43830 = {
						CreatedOnToolsVersion = 14.1;
						TestTargetID = 63FF8D0329145DA500F43830;
					};
					63FF8D2629145DA600F43830 = {
						CreatedOnToolsVersion = 14.1;
						TestTargetID = 63FF8D0329145DA500F43830;
					};
				};
			};
			buildConfigurationList = 63FF8CFF29145DA500F43830 /* Build configuration list for PBXProject "Test Project" */;
			compatibilityVersion = "Xcode 14.0";
			developmentRegion = en;
			hasScannedForEncodings = 0;
			knownRegions = (
				en,
				Base,
			);
			mainGroup = 63FF8CFB29145DA500F43830;
			productRefGroup = 63FF8D0529145DA500F43830 /* Products */;
			projectDirPath = "";
			projectRoot = "";
			targets = (
				63FF8D0329145DA500F43830 /* Test Project */,
				63FF8D1C29145DA600F43830 /* Test ProjectTests */,
				63FF8D2629145DA600F43830 /* Test ProjectUITests */,
			);
		};
/* End PBXProject section */

/* Begin PBXResourcesBuildPhase section */
		63FF8D0229145DA500F43830 /* Resources */ = {
			isa = PBXResourcesBuildPhase;
			buildActionMask = 2147483647;
			files = (
				63FF8D3F29145F4700F43830 /* AllQuotes.json in Resources */,
				63FF8D1729145DA600F43830 /* LaunchScreen.storyboard in Resources */,
				63FF8D1429145DA600F43830 /* Assets.xcassets in Resources */,
				63FF8D0F29145DA500F43830 /* Main.storyboard in Resources */,
				63FF8D45291460C100F43830 /* QuoteSlideView.xib in Resources */,
			);
			runOnlyForDeploymentPostprocessing = 0;
		};
		63FF8D1B29145DA600F43830 /* Resources */ = {
			isa = PBXResourcesBuildPhase;
			buildActionMask = 2147483647;
			files = (
			);
			runOnlyForDeploymentPostprocessing = 0;
		};
		63FF8D2529145DA600F43830 /* Resources */ = {
			isa = PBXResourcesBuildPhase;
			buildActionMask = 2147483647;
			files = (
			);
			runOnlyForDeploymentPostprocessing = 0;
		};
/* End PBXResourcesBuildPhase section */

/* Begin PBXSourcesBuildPhase section */
		63FF8D0029145DA500F43830 /* Sources */ = {
			isa = PBXSourcesBuildPhase;
			buildActionMask = 2147483647;
			files = (
				63FF8D3C29145E1500F43830 /* Quote.swift in Sources */,
				63FF8D0829145DA500F43830 /* AppDelegate.swift in Sources */,
				63FF8D0A29145DA500F43830 /* SceneDelegate.swift in Sources */,
				63FF8D1229145DA500F43830 /* Test_Project.xcdatamodeld in Sources */,
				63FF8D4D2914618B00F43830 /* QuotesViewModel.swift in Sources */,
				63FF8D432914606C00F43830 /* QuoteSlideView.swift in Sources */,
				63FF8D492914614F00F43830 /* QuotesViewController.swift in Sources */,
			);
			runOnlyForDeploymentPostprocessing = 0;
		};
		63FF8D1929145DA600F43830 /* Sources */ = {
			isa = PBXSourcesBuildPhase;
			buildActionMask = 2147483647;
			files = (
				63FF8D2229145DA600F43830 /* Test_ProjectTests.swift in Sources */,
			);
			runOnlyForDeploymentPostprocessing = 0;
		};
		63FF8D2329145DA600F43830 /* Sources */ = {
			isa = PBXSourcesBuildPhase;
			buildActionMask = 2147483647;
			files = (
				63FF8D2E29145DA600F43830 /* Test_ProjectUITestsLaunchTests.swift in Sources */,
				63FF8D2C29145DA600F43830 /* Test_ProjectUITests.swift in Sources */,
			);
			runOnlyForDeploymentPostprocessing = 0;
		};
/* End PBXSourcesBuildPhase section */

/* Begin PBXTargetDependency section */
		63FF8D1F29145DA600F43830 /* PBXTargetDependency */ = {
			isa = PBXTargetDependency;
			target = 63FF8D0329145DA500F43830 /* Test Project */;
			targetProxy = 63FF8D1E29145DA600F43830 /* PBXContainerItemProxy */;
		};
		63FF8D2929145DA600F43830 /* PBXTargetDependency */ = {
			isa = PBXTargetDependency;
			target = 63FF8D0329145DA500F43830 /* Test Project */;
			targetProxy = 63FF8D2829145DA600F43830 /* PBXContainerItemProxy */;
		};
/* End PBXTargetDependency section */

/* Begin PBXVariantGroup section */
		63FF8D0D29145DA500F43830 /* Main.storyboard */ = {
			isa = PBXVariantGroup;
			children = (
				63FF8D0E29145DA500F43830 /* Base */,
			);
			name = Main.storyboard;
			sourceTree = "<group>";
		};
		63FF8D1529145DA600F43830 /* LaunchScreen.storyboard */ = {
			isa = PBXVariantGroup;
			children = (
				63FF8D1629145DA600F43830 /* Base */,
			);
			name = LaunchScreen.storyboard;
			sourceTree = "<group>";
		};
/* End PBXVariantGroup section */

/* Begin XCBuildConfiguration section */
		63FF8D2F29145DA600F43830 /* Debug */ = {
			isa = XCBuildConfiguration;
			buildSettings = {
				ALWAYS_SEARCH_USER_PATHS = NO;
				CLANG_ANALYZER_NONNULL = YES;
				CLANG_ANALYZER_NUMBER_OBJECT_CONVERSION = YES_AGGRESSIVE;
				CLANG_CXX_LANGUAGE_STANDARD = "gnu++20";
				CLANG_ENABLE_MODULES = YES;
				CLANG_ENABLE_OBJC_ARC = YES;
				CLANG_ENABLE_OBJC_WEAK = YES;
				CLANG_WARN_BLOCK_CAPTURE_AUTORELEASING = YES;
				CLANG_WARN_BOOL_CONVERSION = YES;
				CLANG_WARN_COMMA = YES;
				CLANG_WARN_CONSTANT_CONVERSION = YES;
				CLANG_WARN_DEPRECATED_OBJC_IMPLEMENTATIONS = YES;
				CLANG_WARN_DIRECT_OBJC_ISA_USAGE = YES_ERROR;
				CLANG_WARN_DOCUMENTATION_COMMENTS = YES;
				CLANG_WARN_EMPTY_BODY = YES;
				CLANG_WARN_ENUM_CONVERSION = YES;
				CLANG_WARN_INFINITE_RECURSION = YES;
				CLANG_WARN_INT_CONVERSION = YES;
				CLANG_WARN_NON_LITERAL_NULL_CONVERSION = YES;
				CLANG_WARN_OBJC_IMPLICIT_RETAIN_SELF = YES;
				CLANG_WARN_OBJC_LITERAL_CONVERSION = YES;
				CLANG_WARN_OBJC_ROOT_CLASS = YES_ERROR;
				CLANG_WARN_QUOTED_INCLUDE_IN_FRAMEWORK_HEADER = YES;
				CLANG_WARN_RANGE_LOOP_ANALYSIS = YES;
				CLANG_WARN_STRICT_PROTOTYPES = YES;
				CLANG_WARN_SUSPICIOUS_MOVE = YES;
				CLANG_WARN_UNGUARDED_AVAILABILITY = YES_AGGRESSIVE;
				CLANG_WARN_UNREACHABLE_CODE = YES;
				CLANG_WARN__DUPLICATE_METHOD_MATCH = YES;
				COPY_PHASE_STRIP = NO;
				DEBUG_INFORMATION_FORMAT = dwarf;
				ENABLE_STRICT_OBJC_MSGSEND = YES;
				ENABLE_TESTABILITY = YES;
				GCC_C_LANGUAGE_STANDARD = gnu11;
				GCC_DYNAMIC_NO_PIC = NO;
				GCC_NO_COMMON_BLOCKS = YES;
				GCC_OPTIMIZATION_LEVEL = 0;
				GCC_PREPROCESSOR_DEFINITIONS = (
					"DEBUG=1",
					"$(inherited)",
				);
				GCC_WARN_64_TO_32_BIT_CONVERSION = YES;
				GCC_WARN_ABOUT_RETURN_TYPE = YES_ERROR;
				GCC_WARN_UNDECLARED_SELECTOR = YES;
				GCC_WARN_UNINITIALIZED_AUTOS = YES_AGGRESSIVE;
				GCC_WARN_UNUSED_FUNCTION = YES;
				GCC_WARN_UNUSED_VARIABLE = YES;
				IPHONEOS_DEPLOYMENT_TARGET = 16.1;
				MTL_ENABLE_DEBUG_INFO = INCLUDE_SOURCE;
				MTL_FAST_MATH = YES;
				ONLY_ACTIVE_ARCH = YES;
				SDKROOT = iphoneos;
				SWIFT_ACTIVE_COMPILATION_CONDITIONS = DEBUG;
				SWIFT_OPTIMIZATION_LEVEL = "-Onone";
			};
			name = Debug;
		};
		63FF8D3029145DA600F43830 /* Release */ = {
			isa = XCBuildConfiguration;
			buildSettings = {
				ALWAYS_SEARCH_USER_PATHS = NO;
				CLANG_ANALYZER_NONNULL = YES;
				CLANG_ANALYZER_NUMBER_OBJECT_CONVERSION = YES_AGGRESSIVE;
				CLANG_CXX_LANGUAGE_STANDARD = "gnu++20";
				CLANG_ENABLE_MODULES = YES;
				CLANG_ENABLE_OBJC_ARC = YES;
				CLANG_ENABLE_OBJC_WEAK = YES;
				CLANG_WARN_BLOCK_CAPTURE_AUTORELEASING = YES;
				CLANG_WARN_BOOL_CONVERSION = YES;
				CLANG_WARN_COMMA = YES;
				CLANG_WARN_CONSTANT_CONVERSION = YES;
				CLANG_WARN_DEPRECATED_OBJC_IMPLEMENTATIONS = YES;
				CLANG_WARN_DIRECT_OBJC_ISA_USAGE = YES_ERROR;
				CLANG_WARN_DOCUMENTATION_COMMENTS = YES;
				CLANG_WARN_EMPTY_BODY = YES;
				CLANG_WARN_ENUM_CONVERSION = YES;
				CLANG_WARN_INFINITE_RECURSION = YES;
				CLANG_WARN_INT_CONVERSION = YES;
				CLANG_WARN_NON_LITERAL_NULL_CONVERSION = YES;
				CLANG_WARN_OBJC_IMPLICIT_RETAIN_SELF = YES;
				CLANG_WARN_OBJC_LITERAL_CONVERSION = YES;
				CLANG_WARN_OBJC_ROOT_CLASS = YES_ERROR;
				CLANG_WARN_QUOTED_INCLUDE_IN_FRAMEWORK_HEADER = YES;
				CLANG_WARN_RANGE_LOOP_ANALYSIS = YES;
				CLANG_WARN_STRICT_PROTOTYPES = YES;
				CLANG_WARN_SUSPICIOUS_MOVE = YES;
				CLANG_WARN_UNGUARDED_AVAILABILITY = YES_AGGRESSIVE;
				CLANG_WARN_UNREACHABLE_CODE = YES;
				CLANG_WARN__DUPLICATE_METHOD_MATCH = YES;
				COPY_PHASE_STRIP = NO;
				DEBUG_INFORMATION_FORMAT = "dwarf-with-dsym";
				ENABLE_NS_ASSERTIONS = NO;
				ENABLE_STRICT_OBJC_MSGSEND = YES;
				GCC_C_LANGUAGE_STANDARD = gnu11;
				GCC_NO_COMMON_BLOCKS = YES;
				GCC_WARN_64_TO_32_BIT_CONVERSION = YES;
				GCC_WARN_ABOUT_RETURN_TYPE = YES_ERROR;
				GCC_WARN_UNDECLARED_SELECTOR = YES;
				GCC_WARN_UNINITIALIZED_AUTOS = YES_AGGRESSIVE;
				GCC_WARN_UNUSED_FUNCTION = YES;
				GCC_WARN_UNUSED_VARIABLE = YES;
				IPHONEOS_DEPLOYMENT_TARGET = 16.1;
				MTL_ENABLE_DEBUG_INFO = NO;
				MTL_FAST_MATH = YES;
				SDKROOT = iphoneos;
				SWIFT_COMPILATION_MODE = wholemodule;
				SWIFT_OPTIMIZATION_LEVEL = "-O";
				VALIDATE_PRODUCT = YES;
			};
			name = Release;
		};
		63FF8D3229145DA600F43830 /* Debug */ = {
			isa = XCBuildConfiguration;
			buildSettings = {
				ASSETCATALOG_COMPILER_APPICON_NAME = AppIcon;
				ASSETCATALOG_COMPILER_GLOBAL_ACCENT_COLOR_NAME = AccentColor;
				CODE_SIGN_STYLE = Automatic;
				CURRENT_PROJECT_VERSION = 1;
				GENERATE_INFOPLIST_FILE = YES;
				INFOPLIST_FILE = "Test Project/Info.plist";
				INFOPLIST_KEY_UIApplicationSupportsIndirectInputEvents = YES;
				INFOPLIST_KEY_UILaunchStoryboardName = LaunchScreen;
				INFOPLIST_KEY_UIMainStoryboardFile = Main;
				INFOPLIST_KEY_UISupportedInterfaceOrientations_iPad = "UIInterfaceOrientationPortrait UIInterfaceOrientationPortraitUpsideDown UIInterfaceOrientationLandscapeLeft UIInterfaceOrientationLandscapeRight";
				INFOPLIST_KEY_UISupportedInterfaceOrientations_iPhone = "UIInterfaceOrientationPortrait UIInterfaceOrientationLandscapeLeft UIInterfaceOrientationLandscapeRight";
				LD_RUNPATH_SEARCH_PATHS = (
					"$(inherited)",
					"@executable_path/Frameworks",
				);
				MARKETING_VERSION = 1.0;
				PRODUCT_BUNDLE_IDENTIFIER = "com.demo.Test-Project";
				PRODUCT_NAME = "$(TARGET_NAME)";
				SWIFT_EMIT_LOC_STRINGS = YES;
				SWIFT_VERSION = 5.0;
				TARGETED_DEVICE_FAMILY = "1,2";
			};
			name = Debug;
		};
		63FF8D3329145DA600F43830 /* Release */ = {
			isa = XCBuildConfiguration;
			buildSettings = {
				ASSETCATALOG_COMPILER_APPICON_NAME = AppIcon;
				ASSETCATALOG_COMPILER_GLOBAL_ACCENT_COLOR_NAME = AccentColor;
				CODE_SIGN_STYLE = Automatic;
				CURRENT_PROJECT_VERSION = 1;
				GENERATE_INFOPLIST_FILE = YES;
				INFOPLIST_FILE = "Test Project/Info.plist";
				INFOPLIST_KEY_UIApplicationSupportsIndirectInputEvents = YES;
				INFOPLIST_KEY_UILaunchStoryboardName = LaunchScreen;
				INFOPLIST_KEY_UIMainStoryboardFile = Main;
				INFOPLIST_KEY_UISupportedInterfaceOrientations_iPad = "UIInterfaceOrientationPortrait UIInterfaceOrientationPortraitUpsideDown UIInterfaceOrientationLandscapeLeft UIInterfaceOrientationLandscapeRight";
				INFOPLIST_KEY_UISupportedInterfaceOrientations_iPhone = "UIInterfaceOrientationPortrait UIInterfaceOrientationLandscapeLeft UIInterfaceOrientationLandscapeRight";
				LD_RUNPATH_SEARCH_PATHS = (
					"$(inherited)",
					"@executable_path/Frameworks",
				);
				MARKETING_VERSION = 1.0;
				PRODUCT_BUNDLE_IDENTIFIER = "com.demo.Test-Project";
				PRODUCT_NAME = "$(TARGET_NAME)";
				SWIFT_EMIT_LOC_STRINGS = YES;
				SWIFT_VERSION = 5.0;
				TARGETED_DEVICE_FAMILY = "1,2";
			};
			name = Release;
		};
		63FF8D3529145DA600F43830 /* Debug */ = {
			isa = XCBuildConfiguration;
			buildSettings = {
				ALWAYS_EMBED_SWIFT_STANDARD_LIBRARIES = YES;
				BUNDLE_LOADER = "$(TEST_HOST)";
				CODE_SIGN_STYLE = Automatic;
				CURRENT_PROJECT_VERSION = 1;
				GENERATE_INFOPLIST_FILE = YES;
				IPHONEOS_DEPLOYMENT_TARGET = 16.1;
				MARKETING_VERSION = 1.0;
				PRODUCT_BUNDLE_IDENTIFIER = "com.demo.Test-ProjectTests";
				PRODUCT_NAME = "$(TARGET_NAME)";
				SWIFT_EMIT_LOC_STRINGS = NO;
				SWIFT_VERSION = 5.0;
				TARGETED_DEVICE_FAMILY = "1,2";
				TEST_HOST = "$(BUILT_PRODUCTS_DIR)/Test Project.app/$(BUNDLE_EXECUTABLE_FOLDER_PATH)/Test Project";
			};
			name = Debug;
		};
		63FF8D3629145DA600F43830 /* Release */ = {
			isa = XCBuildConfiguration;
			buildSettings = {
				ALWAYS_EMBED_SWIFT_STANDARD_LIBRARIES = YES;
				BUNDLE_LOADER = "$(TEST_HOST)";
				CODE_SIGN_STYLE = Automatic;
				CURRENT_PROJECT_VERSION = 1;
				GENERATE_INFOPLIST_FILE = YES;
				IPHONEOS_DEPLOYMENT_TARGET = 16.1;
				MARKETING_VERSION = 1.0;
				PRODUCT_BUNDLE_IDENTIFIER = "com.demo.Test-ProjectTests";
				PRODUCT_NAME = "$(TARGET_NAME)";
				SWIFT_EMIT_LOC_STRINGS = NO;
				SWIFT_VERSION = 5.0;
				TARGETED_DEVICE_FAMILY = "1,2";
				TEST_HOST = "$(BUILT_PRODUCTS_DIR)/Test Project.app/$(BUNDLE_EXECUTABLE_FOLDER_PATH)/Test Project";
			};
			name = Release;
		};
		63FF8D3829145DA600F43830 /* Debug */ = {
			isa = XCBuildConfiguration;
			buildSettings = {
				ALWAYS_EMBED_SWIFT_STANDARD_LIBRARIES = YES;
				CODE_SIGN_STYLE = Automatic;
				CURRENT_PROJECT_VERSION = 1;
				GENERATE_INFOPLIST_FILE = YES;
				MARKETING_VERSION = 1.0;
				PRODUCT_BUNDLE_IDENTIFIER = "com.demo.Test-ProjectUITests";
				PRODUCT_NAME = "$(TARGET_NAME)";
				SWIFT_EMIT_LOC_STRINGS = NO;
				SWIFT_VERSION = 5.0;
				TARGETED_DEVICE_FAMILY = "1,2";
				TEST_TARGET_NAME = "Test Project";
			};
			name = Debug;
		};
		63FF8D3929145DA600F43830 /* Release */ = {
			isa = XCBuildConfiguration;
			buildSettings = {
				ALWAYS_EMBED_SWIFT_STANDARD_LIBRARIES = YES;
				CODE_SIGN_STYLE = Automatic;
				CURRENT_PROJECT_VERSION = 1;
				GENERATE_INFOPLIST_FILE = YES;
				MARKETING_VERSION = 1.0;
				PRODUCT_BUNDLE_IDENTIFIER = "com.demo.Test-ProjectUITests";
				PRODUCT_NAME = "$(TARGET_NAME)";
				SWIFT_EMIT_LOC_STRINGS = NO;
				SWIFT_VERSION = 5.0;
				TARGETED_DEVICE_FAMILY = "1,2";
				TEST_TARGET_NAME = "Test Project";
			};
			name = Release;
		};
/* End XCBuildConfiguration section */

/* Begin XCConfigurationList section */
		63FF8CFF29145DA500F43830 /* Build configuration list for PBXProject "Test Project" */ = {
			isa = XCConfigurationList;
			buildConfigurations = (
				63FF8D2F29145DA600F43830 /* Debug */,
				63FF8D3029145DA600F43830 /* Release */,
			);
			defaultConfigurationIsVisible = 0;
			defaultConfigurationName = Release;
		};
		63FF8D3129145DA600F43830 /* Build configuration list for PBXNativeTarget "Test Project" */ = {
			isa = XCConfigurationList;
			buildConfigurations = (
				63FF8D3229145DA600F43830 /* Debug */,
				63FF8D3329145DA600F43830 /* Release */,
			);
			defaultConfigurationIsVisible = 0;
			defaultConfigurationName = Release;
		};
		63FF8D3429145DA600F43830 /* Build configuration list for PBXNativeTarget "Test ProjectTests" */ = {
			isa = XCConfigurationList;
			buildConfigurations = (
				63FF8D3529145DA600F43830 /* Debug */,
				63FF8D3629145DA600F43830 /* Release */,
			);
			defaultConfigurationIsVisible = 0;
			defaultConfigurationName = Release;
		};
		63FF8D3729145DA600F43830 /* Build configuration list for PBXNativeTarget "Test ProjectUITests" */ = {
			isa = XCConfigurationList;
			buildConfigurations = (
				63FF8D3829145DA600F43830 /* Debug */,
				63FF8D3929145DA600F43830 /* Release */,
			);
			defaultConfigurationIsVisible = 0;
			defaultConfigurationName = Release;
		};
/* End XCConfigurationList section */

/* Begin XCVersionGroup section */
		63FF8D1029145DA500F43830 /* Test_Project.xcdatamodeld */ = {
			isa = XCVersionGroup;
			children = (
				63FF8D1129145DA500F43830 /* Test_Project.xcdatamodel */,
			);
			currentVersion = 63FF8D1129145DA500F43830 /* Test_Project.xcdatamodel */;
			path = Test_Project.xcdatamodeld;
			sourceTree = "<group>";
			versionGroupType = wrapper.xcdatamodel;
		};
/* End XCVersionGroup section */
	};
	rootObject = 63FF8CFC29145DA500F43830 /* Project object */;
}
